{
  "version": 4,
  "terraform_version": "1.8.3",
  "serial": 32,
  "lineage": "39158a94-e86a-0d63-8b03-ec3d2b732afd",
  "outputs": {},
  "resources": [
    {
      "mode": "managed",
      "type": "github_repository",
      "name": "example1",
      "provider": "provider[\"registry.terraform.io/integrations/github\"]",
      "instances": [
        {
          "schema_version": 1,
          "attributes": {
            "allow_auto_merge": false,
            "allow_merge_commit": true,
            "allow_rebase_merge": true,
            "allow_squash_merge": true,
            "allow_update_branch": false,
            "archive_on_destroy": null,
            "archived": false,
            "auto_init": null,
            "default_branch": "main",
            "delete_branch_on_merge": false,
            "description": "Initial repo or the terraform lab for arquitics",
            "etag": "W/\"74aa1e93091e120b5f12dc89d54a1406376fa27d5f7bf0458d88b6e7559fdc59\"",
            "full_name": "Nrinconv/branchRepoTFLab",
            "git_clone_url": "git://github.com/Nrinconv/branchRepoTFLab.git",
            "gitignore_template": null,
            "has_discussions": false,
            "has_downloads": false,
            "has_issues": false,
            "has_projects": false,
            "has_wiki": false,
            "homepage_url": "",
            "html_url": "https://github.com/Nrinconv/branchRepoTFLab",
            "http_clone_url": "https://github.com/Nrinconv/branchRepoTFLab.git",
            "id": "branchRepoTFLab",
            "ignore_vulnerability_alerts_during_read": null,
            "is_template": false,
            "license_template": null,
            "merge_commit_message": "PR_TITLE",
            "merge_commit_title": "MERGE_MESSAGE",
            "name": "branchRepoTFLab",
            "node_id": "R_kgDOL7PZSQ",
            "pages": [],
            "primary_language": "",
            "private": false,
            "repo_id": 800315721,
            "security_and_analysis": [
              {
                "advanced_security": [],
                "secret_scanning": [
                  {
                    "status": "enabled"
                  }
                ],
                "secret_scanning_push_protection": [
                  {
                    "status": "enabled"
                  }
                ]
              }
            ],
            "squash_merge_commit_message": "COMMIT_MESSAGES",
            "squash_merge_commit_title": "COMMIT_OR_PR_TITLE",
            "ssh_clone_url": "git@github.com:Nrinconv/branchRepoTFLab.git",
            "svn_url": "https://github.com/Nrinconv/branchRepoTFLab",
            "template": [],
            "topics": [],
            "visibility": "public",
            "vulnerability_alerts": false,
            "web_commit_signoff_required": false
          },
          "sensitive_attributes": [],
          "private": "eyJzY2hlbWFfdmVyc2lvbiI6IjEifQ=="
        }
      ]
    }
  ],
  "check_results": null
}
