{
  "version": 4,
  "terraform_version": "1.8.3",
  "serial": 35,
  "lineage": "39158a94-e86a-0d63-8b03-ec3d2b732afd",
  "outputs": {},
  "resources": [
    {
      "mode": "managed",
      "type": "github_repository",
      "name": "example",
      "provider": "provider[\"registry.terraform.io/integrations/github\"]",
      "instances": [
        {
          "schema_version": 1,
          "attributes": {
            "allow_auto_merge": false,
            "allow_merge_commit": true,
            "allow_rebase_merge": true,
            "allow_squash_merge": true,
            "allow_update_branch": false,
            "archive_on_destroy": null,
            "archived": false,
            "auto_init": null,
            "default_branch": "main",
            "delete_branch_on_merge": false,
            "description": "Initial repo for the terraform lab for arquitics",
            "etag": "W/\"849f9e7ffd5f0e5087c1b41f81b6ec6302f5b09a7d265a9bb16177a06fcbbe74\"",
            "full_name": "Nrinconv/initRepoTFLab",
            "git_clone_url": "git://github.com/Nrinconv/initRepoTFLab.git",
            "gitignore_template": null,
            "has_discussions": false,
            "has_downloads": false,
            "has_issues": false,
            "has_projects": false,
            "has_wiki": false,
            "homepage_url": "",
            "html_url": "https://github.com/Nrinconv/initRepoTFLab",
            "http_clone_url": "https://github.com/Nrinconv/initRepoTFLab.git",
            "id": "initRepoTFLab",
            "ignore_vulnerability_alerts_during_read": null,
            "is_template": false,
            "license_template": null,
            "merge_commit_message": "PR_TITLE",
            "merge_commit_title": "MERGE_MESSAGE",
            "name": "initRepoTFLab",
            "node_id": "R_kgDOL7Pa6A",
            "pages": [],
            "primary_language": "",
            "private": false,
            "repo_id": 800316136,
            "security_and_analysis": [
              {
                "advanced_security": [],
                "secret_scanning": [
                  {
                    "status": "enabled"
                  }
                ],
                "secret_scanning_push_protection": [
                  {
                    "status": "enabled"
                  }
                ]
              }
            ],
            "squash_merge_commit_message": "COMMIT_MESSAGES",
            "squash_merge_commit_title": "COMMIT_OR_PR_TITLE",
            "ssh_clone_url": "git@github.com:Nrinconv/initRepoTFLab.git",
            "svn_url": "https://github.com/Nrinconv/initRepoTFLab",
            "template": [],
            "topics": [],
            "visibility": "public",
            "vulnerability_alerts": false,
            "web_commit_signoff_required": false
          },
          "sensitive_attributes": [],
          "private": "eyJzY2hlbWFfdmVyc2lvbiI6IjEifQ=="
        }
      ]
    }
  ],
  "check_results": null
}
